// !$*UTF8*$!
{
	archiveVersion = 1;
	classes = {
	};
	objectVersion = 46;
	objects = {

/* Begin PBXBuildFile section */
		142282661C943AAA0023A741 /* main.m in Sources */ = {isa = PBXBuildFile; fileRef = 142282651C943AAA0023A741 /* main.m */; };
		142282691C943AAA0023A741 /* AppDelegate.m in Sources */ = {isa = PBXBuildFile; fileRef = 142282681C943AAA0023A741 /* AppDelegate.m */; };
		1422826C1C943AAA0023A741 /* ViewController.m in Sources */ = {isa = PBXBuildFile; fileRef = 1422826B1C943AAA0023A741 /* ViewController.m */; };
		1422826F1C943AAA0023A741 /* Main.storyboard in Resources */ = {isa = PBXBuildFile; fileRef = 1422826D1C943AAA0023A741 /* Main.storyboard */; };
		142282711C943AAA0023A741 /* Assets.xcassets in Resources */ = {isa = PBXBuildFile; fileRef = 142282701C943AAA0023A741 /* Assets.xcassets */; };
		142282741C943AAA0023A741 /* LaunchScreen.storyboard in Resources */ = {isa = PBXBuildFile; fileRef = 142282721C943AAA0023A741 /* LaunchScreen.storyboard */; };
		1422827D1C943D350023A741 /* dog.m in Sources */ = {isa = PBXBuildFile; fileRef = 1422827C1C943D350023A741 /* dog.m */; };
/* End PBXBuildFile section */

/* Begin PBXFileReference section */
		142282611C943AAA0023A741 /* 网络练习.app */ = {isa = PBXFileReference; explicitFileType = wrapper.application; includeInIndex = 0; path = "网络练习.app"; sourceTree = BUILT_PRODUCTS_DIR; };
		142282651C943AAA0023A741 /* main.m */ = {isa = PBXFileReference; lastKnownFileType = sourcecode.c.objc; path = main.m; sourceTree = "<group>"; };
		142282671C943AAA0023A741 /* AppDelegate.h */ = {isa = PBXFileReference; lastKnownFileType = sourcecode.c.h; path = AppDelegate.h; sourceTree = "<group>"; };
		142282681C943AAA0023A741 /* AppDelegate.m */ = {isa = PBXFileReference; lastKnownFileType = sourcecode.c.objc; path = AppDelegate.m; sourceTree = "<group>"; };
		1422826A1C943AAA0023A741 /* ViewController.h */ = {isa = PBXFileReference; lastKnownFileType = sourcecode.c.h; path = ViewController.h; sourceTree = "<group>"; };
		1422826B1C943AAA0023A741 /* ViewController.m */ = {isa = PBXFileReference; lastKnownFileType = sourcecode.c.objc; path = ViewController.m; sourceTree = "<group>"; };
		1422826E1C943AAA0023A741 /* Base */ = {isa = PBXFileReference; lastKnownFileType = file.storyboard; name = Base; path = Base.lproj/Main.storyboard; sourceTree = "<group>"; };
		142282701C943AAA0023A741 /* Assets.xcassets */ = {isa = PBXFileReference; lastKnownFileType = folder.assetcatalog; path = Assets.xcassets; sourceTree = "<group>"; };
		142282731C943AAA0023A741 /* Base */ = {isa = PBXFileReference; lastKnownFileType = file.storyboard; name = Base; path = Base.lproj/LaunchScreen.storyboard; sourceTree = "<group>"; };
		142282751C943AAA0023A741 /* Info.plist */ = {isa = PBXFileReference; lastKnownFileType = text.plist.xml; path = Info.plist; sourceTree = "<group>"; };
		1422827B1C943D350023A741 /* dog.h */ = {isa = PBXFileReference; fileEncoding = 4; lastKnownFileType = sourcecode.c.h; path = dog.h; sourceTree = "<group>"; };
		1422827C1C943D350023A741 /* dog.m */ = {isa = PBXFileReference; fileEncoding = 4; lastKnownFileType = sourcecode.c.objc; path = dog.m; sourceTree = "<group>"; };
/* End PBXFileReference section */

/* Begin PBXFrameworksBuildPhase section */
		1422825E1C943AAA0023A741 /* Frameworks */ = {
			isa = PBXFrameworksBuildPhase;
			buildActionMask = 2147483647;
			files = (
			);
			runOnlyForDeploymentPostprocessing = 0;
		};
/* End PBXFrameworksBuildPhase section */

/* Begin PBXGroup section */
		142282581C943AAA0023A741 = {
			isa = PBXGroup;
			children = (
				142282631C943AAA0023A741 /* 网络练习 */,
				142282621C943AAA0023A741 /* Products */,
			);
			sourceTree = "<group>";
		};
		142282621C943AAA0023A741 /* Products */ = {
			isa = PBXGroup;
			children = (
				142282611C943AAA0023A741 /* 网络练习.app */,
			);
			name = Products;
			sourceTree = "<group>";
		};
		142282631C943AAA0023A741 /* 网络练习 */ = {
			isa = PBXGroup;
			children = (
				142282671C943AAA0023A741 /* AppDelegate.h */,
				142282681C943AAA0023A741 /* AppDelegate.m */,
				1422826A1C943AAA0023A741 /* ViewController.h */,
				1422826B1C943AAA0023A741 /* ViewController.m */,
				1422827B1C943D350023A741 /* dog.h */,
				1422827C1C943D350023A741 /* dog.m */,
				1422826D1C943AAA0023A741 /* Main.storyboard */,
				142282701C943AAA0023A741 /* Assets.xcassets */,
				142282721C943AAA0023A741 /* LaunchScreen.storyboard */,
				142282751C943AAA0023A741 /* Info.plist */,
				142282641C943AAA0023A741 /* Supporting Files */,
			);
			path = "网络练习";
			sourceTree = "<group>";
		};
		142282641C943AAA0023A741 /* Supporting Files */ = {
			isa = PBXGroup;
			children = (
				142282651C943AAA0023A741 /* main.m */,
			);
			name = "Supporting Files";
			sourceTree = "<group>";
		};
/* End PBXGroup section */

/* Begin PBXNativeTarget section */
		142282601C943AAA0023A741 /* 网络练习 */ = {
			isa = PBXNativeTarget;
			buildConfigurationList = 142282781C943AAA0023A741 /* Build configuration list for PBXNativeTarget "网络练习" */;
			buildPhases = (
				1422825D1C943AAA0023A741 /* Sources */,
				1422825E1C943AAA0023A741 /* Frameworks */,
				1422825F1C943AAA0023A741 /* Resources */,
			);
			buildRules = (
			);
			dependencies = (
			);
			name = "网络练习";
			productName = "网络练习";
			productReference = 142282611C943AAA0023A741 /* 网络练习.app */;
			productType = "com.apple.product-type.application";
		};
/* End PBXNativeTarget section */

/* Begin PBXProject section */
		142282591C943AAA0023A741 /* Project object */ = {
			isa = PBXProject;
			attributes = {
				LastUpgradeCheck = 0720;
				ORGANIZATIONNAME = "权建星";
				TargetAttributes = {
					142282601C943AAA0023A741 = {
						CreatedOnToolsVersion = 7.2;
					};
				};
			};
			buildConfigurationList = 1422825C1C943AAA0023A741 /* Build configuration list for PBXProject "网络练习" */;
			compatibilityVersion = "Xcode 3.2";
			developmentRegion = English;
			hasScannedForEncodings = 0;
			knownRegions = (
				en,
				Base,
			);
			mainGroup = 142282581C943AAA0023A741;
			productRefGroup = 142282621C943AAA0023A741 /* Products */;
			projectDirPath = "";
			projectRoot = "";
			targets = (
				142282601C943AAA0023A741 /* 网络练习 */,
			);
		};
/* End PBXProject section */

/* Begin PBXResourcesBuildPhase section */
		1422825F1C943AAA0023A741 /* Resources */ = {
			isa = PBXResourcesBuildPhase;
			buildActionMask = 2147483647;
			files = (
				142282741C943AAA0023A741 /* LaunchScreen.storyboard in Resources */,
				142282711C943AAA0023A741 /* Assets.xcassets in Resources */,
				1422826F1C943AAA0023A741 /* Main.storyboard in Resources */,
			);
			runOnlyForDeploymentPostprocessing = 0;
		};
/* End PBXResourcesBuildPhase section */

/* Begin PBXSourcesBuildPhase section */
		1422825D1C943AAA0023A741 /* Sources */ = {
			isa = PBXSourcesBuildPhase;
			buildActionMask = 2147483647;
			files = (
				1422826C1C943AAA0023A741 /* ViewController.m in Sources */,
				142282691C943AAA0023A741 /* AppDelegate.m in Sources */,
				1422827D1C943D350023A741 /* dog.m in Sources */,
				142282661C943AAA0023A741 /* main.m in Sources */,
			);
			runOnlyForDeploymentPostprocessing = 0;
		};
/* End PBXSourcesBuildPhase section */

/* Begin PBXVariantGroup section */
		1422826D1C943AAA0023A741 /* Main.storyboard */ = {
			isa = PBXVariantGroup;
			children = (
				1422826E1C943AAA0023A741 /* Base */,
			);
			name = Main.storyboard;
			sourceTree = "<group>";
		};
		142282721C943AAA0023A741 /* LaunchScreen.storyboard */ = {
			isa = PBXVariantGroup;
			children = (
				142282731C943AAA0023A741 /* Base */,
			);
			name = LaunchScreen.storyboard;
			sourceTree = "<group>";
		};
/* End PBXVariantGroup section */

/* Begin XCBuildConfiguration section */
		142282761C943AAA0023A741 /* Debug */ = {
			isa = XCBuildConfiguration;
			buildSettings = {
				ALWAYS_SEARCH_USER_PATHS = NO;
				CLANG_CXX_LANGUAGE_STANDARD = "gnu++0x";
				CLANG_CXX_LIBRARY = "libc++";
				CLANG_ENABLE_MODULES = YES;
				CLANG_ENABLE_OBJC_ARC = YES;
				CLANG_WARN_BOOL_CONVERSION = YES;
				CLANG_WARN_CONSTANT_CONVERSION = YES;
				CLANG_WARN_DIRECT_OBJC_ISA_USAGE = YES_ERROR;
				CLANG_WARN_EMPTY_BODY = YES;
				CLANG_WARN_ENUM_CONVERSION = YES;
				CLANG_WARN_INT_CONVERSION = YES;
				CLANG_WARN_OBJC_ROOT_CLASS = YES_ERROR;
				CLANG_WARN_UNREACHABLE_CODE = YES;
				CLANG_WARN__DUPLICATE_METHOD_MATCH = YES;
				"CODE_SIGN_IDENTITY[sdk=iphoneos*]" = "iPhone Developer";
				COPY_PHASE_STRIP = NO;
				DEBUG_INFORMATION_FORMAT = dwarf;
				ENABLE_STRICT_OBJC_MSGSEND = YES;
				ENABLE_TESTABILITY = YES;
				GCC_C_LANGUAGE_STANDARD = gnu99;
				GCC_DYNAMIC_NO_PIC = NO;
				GCC_NO_COMMON_BLOCKS = YES;
				GCC_OPTIMIZATION_LEVEL = 0;
				GCC_PREPROCESSOR_DEFINITIONS = (
					"DEBUG=1",
					"$(inherited)",
				);
				GCC_WARN_64_TO_32_BIT_CONVERSION = YES;
				GCC_WARN_ABOUT_RETURN_TYPE = YES_ERROR;
				GCC_WARN_UNDECLARED_SELECTOR = YES;
				GCC_WARN_UNINITIALIZED_AUTOS = YES_AGGRESSIVE;
				GCC_WARN_UNUSED_FUNCTION = YES;
				GCC_WARN_UNUSED_VARIABLE = YES;
				IPHONEOS_DEPLOYMENT_TARGET = 9.2;
				MTL_ENABLE_DEBUG_INFO = YES;
				ONLY_ACTIVE_ARCH = YES;
				SDKROOT = iphoneos;
			};
			name = Debug;
		};
		142282771C943AAA0023A741 /* Release */ = {
			isa = XCBuildConfiguration;
			buildSettings = {
				ALWAYS_SEARCH_USER_PATHS = NO;
				CLANG_CXX_LANGUAGE_STANDARD = "gnu++0x";
				CLANG_CXX_LIBRARY = "libc++";
				CLANG_ENABLE_MODULES = YES;
				CLANG_ENABLE_OBJC_ARC = YES;
				CLANG_WARN_BOOL_CONVERSION = YES;
				CLANG_WARN_CONSTANT_CONVERSION = YES;
				CLANG_WARN_DIRECT_OBJC_ISA_USAGE = YES_ERROR;
				CLANG_WARN_EMPTY_BODY = YES;
				CLANG_WARN_ENUM_CONVERSION = YES;
				CLANG_WARN_INT_CONVERSION = YES;
				CLANG_WARN_OBJC_ROOT_CLASS = YES_ERROR;
				CLANG_WARN_UNREACHABLE_CODE = YES;
				CLANG_WARN__DUPLICATE_METHOD_MATCH = YES;
				"CODE_SIGN_IDENTITY[sdk=iphoneos*]" = "iPhone Developer";
				COPY_PHASE_STRIP = NO;
				DEBUG_INFORMATION_FORMAT = "dwarf-with-dsym";
				ENABLE_NS_ASSERTIONS = NO;
				ENABLE_STRICT_OBJC_MSGSEND = YES;
				GCC_C_LANGUAGE_STANDARD = gnu99;
				GCC_NO_COMMON_BLOCKS = YES;
				GCC_WARN_64_TO_32_BIT_CONVERSION = YES;
				GCC_WARN_ABOUT_RETURN_TYPE = YES_ERROR;
				GCC_WARN_UNDECLARED_SELECTOR = YES;
				GCC_WARN_UNINITIALIZED_AUTOS = YES_AGGRESSIVE;
				GCC_WARN_UNUSED_FUNCTION = YES;
				GCC_WARN_UNUSED_VARIABLE = YES;
				IPHONEOS_DEPLOYMENT_TARGET = 9.2;
				MTL_ENABLE_DEBUG_INFO = NO;
				SDKROOT = iphoneos;
				VALIDATE_PRODUCT = YES;
			};
			name = Release;
		};
		142282791C943AAA0023A741 /* Debug */ = {
			isa = XCBuildConfiguration;
			buildSettings = {
				ASSETCATALOG_COMPILER_APPICON_NAME = AppIcon;
				INFOPLIST_FILE = "网络练习/Info.plist";
				LD_RUNPATH_SEARCH_PATHS = "$(inherited) @executable_path/Frameworks";
				PRODUCT_BUNDLE_IDENTIFIER = "com.520it.----";
				PRODUCT_NAME = "$(TARGET_NAME)";
			};
			name = Debug;
		};
		1422827A1C943AAA0023A741 /* Release */ = {
			isa = XCBuildConfiguration;
			buildSettings = {
				ASSETCATALOG_COMPILER_APPICON_NAME = AppIcon;
				INFOPLIST_FILE = "网络练习/Info.plist";
				LD_RUNPATH_SEARCH_PATHS = "$(inherited) @executable_path/Frameworks";
				PRODUCT_BUNDLE_IDENTIFIER = "com.520it.----";
				PRODUCT_NAME = "$(TARGET_NAME)";
			};
			name = Release;
		};
/* End XCBuildConfiguration section */

/* Begin XCConfigurationList section */
		1422825C1C943AAA0023A741 /* Build configuration list for PBXProject "网络练习" */ = {
			isa = XCConfigurationList;
			buildConfigurations = (
				142282761C943AAA0023A741 /* Debug */,
				142282771C943AAA0023A741 /* Release */,
			);
			defaultConfigurationIsVisible = 0;
			defaultConfigurationName = Release;
		};
		142282781C943AAA0023A741 /* Build configuration list for PBXNativeTarget "网络练习" */ = {
			isa = XCConfigurationList;
			buildConfigurations = (
				142282791C943AAA0023A741 /* Debug */,
				1422827A1C943AAA0023A741 /* Release */,
			);
			defaultConfigurationIsVisible = 0;
		};
/* End XCConfigurationList section */
	};
	rootObject = 142282591C943AAA0023A741 /* Project object */;
}
